
Microsoft Visual Studio Solution File, Format Version 12.00
# Visual Studio Version 18
VisualStudioVersion = 18.0.11123.170
MinimumVisualStudioVersion = 10.0.40219.1
Project("{FAE04EC0-301F-11D3-BF4B-00C04F79EFBC}") = "SimpleBinarySerialization", "SimpleBinarySerialization\SimpleBinarySerialization.csproj", "{ECAA2430-866C-467B-8B77-D9DAA629D8CC}"
EndProject
Project("{FAE04EC0-301F-11D3-BF4B-00C04F79EFBC}") = "SimpleBinarySerialization.Benchmakrs", "SimpleBinarySerialization.Benchmakrs\SimpleBinarySerialization.Benchmakrs.csproj", "{E127D779-53D4-44F7-AB74-B2BF10CB3DEF}"
EndProject
Global
	GlobalSection(SolutionConfigurationPlatforms) = preSolution
		Debug|Any CPU = Debug|Any CPU
		Release|Any CPU = Release|Any CPU
	EndGlobalSection
	GlobalSection(ProjectConfigurationPlatforms) = postSolution
		{ECAA2430-866C-467B-8B77-D9DAA629D8CC}.Debug|Any CPU.ActiveCfg = Debug|Any CPU
		{ECAA2430-866C-467B-8B77-D9DAA629D8CC}.Debug|Any CPU.Build.0 = Debug|Any CPU
		{ECAA2430-866C-467B-8B77-D9DAA629D8CC}.Release|Any CPU.ActiveCfg = Release|Any CPU
		{ECAA2430-866C-467B-8B77-D9DAA629D8CC}.Release|Any CPU.Build.0 = Release|Any CPU
		{E127D779-53D4-44F7-AB74-B2BF10CB3DEF}.Debug|Any CPU.ActiveCfg = Debug|Any CPU
		{E127D779-53D4-44F7-AB74-B2BF10CB3DEF}.Debug|Any CPU.Build.0 = Debug|Any CPU
		{E127D779-53D4-44F7-AB74-B2BF10CB3DEF}.Release|Any CPU.ActiveCfg = Release|Any CPU
		{E127D779-53D4-44F7-AB74-B2BF10CB3DEF}.Release|Any CPU.Build.0 = Release|Any CPU
	EndGlobalSection
	GlobalSection(SolutionProperties) = preSolution
		HideSolutionNode = FALSE
	EndGlobalSection
	GlobalSection(ExtensibilityGlobals) = postSolution
		SolutionGuid = {9FEB4AD8-5202-49ED-A349-7C7BFFF7F1B0}
	EndGlobalSection
EndGlobal
